
Microsoft Visual Studio Solution File, Format Version 12.00
# Visual Studio Version 16
VisualStudioVersion = 16.0.31702.278
MinimumVisualStudioVersion = 10.0.40219.1
Project("{9A19103F-16F7-4668-BE54-9A1E7A4F7556}") = "12Zad", "12Zad\12Zad.csproj", "{7F76087A-C87F-4426-BBF6-4510F5E5EF5A}"
EndProject
Project("{FAE04EC0-301F-11D3-BF4B-00C04F79EFBC}") = "12zadForms", "12zadForms\12zadForms.csproj", "{7BF2517C-8A32-4872-81F2-CA161A6377F1}"
EndProject
Global
	GlobalSection(SolutionConfigurationPlatforms) = preSolution
		Debug|Any CPU = Debug|Any CPU
		Release|Any CPU = Release|Any CPU
	EndGlobalSection
	GlobalSection(ProjectConfigurationPlatforms) = postSolution
		{7F76087A-C87F-4426-BBF6-4510F5E5EF5A}.Debug|Any CPU.ActiveCfg = Debug|Any CPU
		{7F76087A-C87F-4426-BBF6-4510F5E5EF5A}.Debug|Any CPU.Build.0 = Debug|Any CPU
		{7F76087A-C87F-4426-BBF6-4510F5E5EF5A}.Release|Any CPU.ActiveCfg = Release|Any CPU
		{7F76087A-C87F-4426-BBF6-4510F5E5EF5A}.Release|Any CPU.Build.0 = Release|Any CPU
		{7BF2517C-8A32-4872-81F2-CA161A6377F1}.Debug|Any CPU.ActiveCfg = Debug|Any CPU
		{7BF2517C-8A32-4872-81F2-CA161A6377F1}.Debug|Any CPU.Build.0 = Debug|Any CPU
		{7BF2517C-8A32-4872-81F2-CA161A6377F1}.Release|Any CPU.ActiveCfg = Release|Any CPU
		{7BF2517C-8A32-4872-81F2-CA161A6377F1}.Release|Any CPU.Build.0 = Release|Any CPU
	EndGlobalSection
	GlobalSection(SolutionProperties) = preSolution
		HideSolutionNode = FALSE
	EndGlobalSection
	GlobalSection(ExtensibilityGlobals) = postSolution
		SolutionGuid = {9DE5A2F9-4BA0-4326-A6C3-8117D0103F91}
	EndGlobalSection
EndGlobal
